// !$*UTF8*$!
{
	archiveVersion = 1;
	classes = {
	};
	objectVersion = 52;
	objects = {

/* Begin PBXBuildFile section */
		E900B0862466A6CA00D1FB1F /* DIscoverTableViewCell.swift in Sources */ = {isa = PBXBuildFile; fileRef = E900B0852466A6CA00D1FB1F /* DIscoverTableViewCell.swift */; };
		E900B0892466A72F00D1FB1F /* SocialNetsViewController.swift in Sources */ = {isa = PBXBuildFile; fileRef = E900B0882466A72F00D1FB1F /* SocialNetsViewController.swift */; };
		E900B08C2466A74500D1FB1F /* FindUserViewController.swift in Sources */ = {isa = PBXBuildFile; fileRef = E900B08B2466A74500D1FB1F /* FindUserViewController.swift */; };
		E90DA882240AF0E60070B462 /* OtherProfileManager.swift in Sources */ = {isa = PBXBuildFile; fileRef = E90DA881240AF0E60070B462 /* OtherProfileManager.swift */; };
		E90DA885240BA6FD0070B462 /* PosterCell.swift in Sources */ = {isa = PBXBuildFile; fileRef = E90DA884240BA6FD0070B462 /* PosterCell.swift */; };
		E90DA887240BA70C0070B462 /* WallManager.swift in Sources */ = {isa = PBXBuildFile; fileRef = E90DA886240BA70C0070B462 /* WallManager.swift */; };
		E90DA88A240BA7350070B462 /* PosterPushViewController.swift in Sources */ = {isa = PBXBuildFile; fileRef = E90DA889240BA7350070B462 /* PosterPushViewController.swift */; };
		E90DA88C240BA7740070B462 /* PosterModel.swift in Sources */ = {isa = PBXBuildFile; fileRef = E90DA88B240BA7740070B462 /* PosterModel.swift */; };
		E90DA892240BD46F0070B462 /* PosterDetailViewController.swift in Sources */ = {isa = PBXBuildFile; fileRef = E90DA891240BD46F0070B462 /* PosterDetailViewController.swift */; };
		E928C71E23FE60F3004D75E0 /* ImageBrowserManager.swift in Sources */ = {isa = PBXBuildFile; fileRef = E928C71D23FE60F3004D75E0 /* ImageBrowserManager.swift */; };
		E928C72223FE64F5004D75E0 /* ImageBrowserMainView.swift in Sources */ = {isa = PBXBuildFile; fileRef = E928C72123FE64F5004D75E0 /* ImageBrowserMainView.swift */; };
		E928C72623FE65A4004D75E0 /* ImageBrowserSubView.swift in Sources */ = {isa = PBXBuildFile; fileRef = E928C72523FE65A4004D75E0 /* ImageBrowserSubView.swift */; };
		E928C72823FE6638004D75E0 /* ImageBroserModel.swift in Sources */ = {isa = PBXBuildFile; fileRef = E928C72723FE6638004D75E0 /* ImageBroserModel.swift */; };
		E928C72A23FE84F2004D75E0 /* ImageBrowserTranslation.swift in Sources */ = {isa = PBXBuildFile; fileRef = E928C72923FE84F2004D75E0 /* ImageBrowserTranslation.swift */; };
		E928C72C23FE8B9A004D75E0 /* ImageBrowserViewController.swift in Sources */ = {isa = PBXBuildFile; fileRef = E928C72B23FE8B9A004D75E0 /* ImageBrowserViewController.swift */; };
		E92F7BB22407807500212167 /* SquareCommentItem.swift in Sources */ = {isa = PBXBuildFile; fileRef = E92F7BB12407807500212167 /* SquareCommentItem.swift */; };
		E92F7BB4240787FB00212167 /* SquareCommentTableViewCell.swift in Sources */ = {isa = PBXBuildFile; fileRef = E92F7BB3240787FB00212167 /* SquareCommentTableViewCell.swift */; };
		E942E627240A4D2D004035D6 /* SquareJudgeItem.swift in Sources */ = {isa = PBXBuildFile; fileRef = E942E626240A4D2D004035D6 /* SquareJudgeItem.swift */; };
		E942E629240A514B004035D6 /* SquareJudgeTableViewCell.swift in Sources */ = {isa = PBXBuildFile; fileRef = E942E628240A514B004035D6 /* SquareJudgeTableViewCell.swift */; };
		E942E62B240A5A9B004035D6 /* WriteViewController.swift in Sources */ = {isa = PBXBuildFile; fileRef = E942E62A240A5A9B004035D6 /* WriteViewController.swift */; };
		E944DC95240550ED00ED770A /* SquareCommentViewController.swift in Sources */ = {isa = PBXBuildFile; fileRef = E944DC94240550ED00ED770A /* SquareCommentViewController.swift */; };
		E944DC9A2405630A00ED770A /* BasePushViewController.swift in Sources */ = {isa = PBXBuildFile; fileRef = E944DC992405630A00ED770A /* BasePushViewController.swift */; };
		E944DC9C2405634B00ED770A /* BroadcastPushViewController.swift in Sources */ = {isa = PBXBuildFile; fileRef = E944DC9B2405634B00ED770A /* BroadcastPushViewController.swift */; };
		E944DC9E2405687D00ED770A /* CirclePushViewController.swift in Sources */ = {isa = PBXBuildFile; fileRef = E944DC9D2405687D00ED770A /* CirclePushViewController.swift */; };
		E94F8DC2246AF2F900640CAC /* EditAccountViewController.swift in Sources */ = {isa = PBXBuildFile; fileRef = E94F8DC1246AF2F900640CAC /* EditAccountViewController.swift */; };
		E94F8DC6246B001500640CAC /* MyBroadcastViewController.swift in Sources */ = {isa = PBXBuildFile; fileRef = E94F8DC5246B001500640CAC /* MyBroadcastViewController.swift */; };
		E94F8DC8246B001E00640CAC /* MyCircleViewController.swift in Sources */ = {isa = PBXBuildFile; fileRef = E94F8DC7246B001E00640CAC /* MyCircleViewController.swift */; };
		E969D03E23F5771D00CEEDC8 /* LoadingUI.swift in Sources */ = {isa = PBXBuildFile; fileRef = E969D03D23F5771D00CEEDC8 /* LoadingUI.swift */; };
		E969D04023F57CC500CEEDC8 /* ChooseSocialGroupModel.swift in Sources */ = {isa = PBXBuildFile; fileRef = E969D03F23F57CC500CEEDC8 /* ChooseSocialGroupModel.swift */; };
		E969D04323F5899400CEEDC8 /* SocialGroupTableViewCell.swift in Sources */ = {isa = PBXBuildFile; fileRef = E969D04223F5899400CEEDC8 /* SocialGroupTableViewCell.swift */; };
		E97E892624000BFC00E32811 /* BaseSquareScrollViewController.swift in Sources */ = {isa = PBXBuildFile; fileRef = E97E892524000BFC00E32811 /* BaseSquareScrollViewController.swift */; };
		E97E892A24000CC000E32811 /* BroadcastViewController.swift in Sources */ = {isa = PBXBuildFile; fileRef = E97E892924000CC000E32811 /* BroadcastViewController.swift */; };
		E97E892C24000CC800E32811 /* CircleViewController.swift in Sources */ = {isa = PBXBuildFile; fileRef = E97E892B24000CC800E32811 /* CircleViewController.swift */; };
		E97E893224005BAF00E32811 /* BroadcastManager.swift in Sources */ = {isa = PBXBuildFile; fileRef = E97E893124005BAF00E32811 /* BroadcastManager.swift */; };
		E97E893424005BC300E32811 /* BroadcastItem.swift in Sources */ = {isa = PBXBuildFile; fileRef = E97E893324005BC300E32811 /* BroadcastItem.swift */; };
		E97E893624005C1300E32811 /* CircleItem.swift in Sources */ = {isa = PBXBuildFile; fileRef = E97E893524005C1300E32811 /* CircleItem.swift */; };
		E97E893824010D4500E32811 /* CircleManager.swift in Sources */ = {isa = PBXBuildFile; fileRef = E97E893724010D4500E32811 /* CircleManager.swift */; };
		E97E893A2401184600E32811 /* BroadcastTableViewCell.swift in Sources */ = {isa = PBXBuildFile; fileRef = E97E89392401184600E32811 /* BroadcastTableViewCell.swift */; };
		E97E893C240192C600E32811 /* CircleTableViewCell.swift in Sources */ = {isa = PBXBuildFile; fileRef = E97E893B240192C500E32811 /* CircleTableViewCell.swift */; };
		E97E893F24024A4E00E32811 /* OtherProfileViewController.swift in Sources */ = {isa = PBXBuildFile; fileRef = E97E893E24024A4E00E32811 /* OtherProfileViewController.swift */; };
		E98264BD23F5C0BB009CE123 /* UserDefaultsManager.swift in Sources */ = {isa = PBXBuildFile; fileRef = E98264BC23F5C0BB009CE123 /* UserDefaultsManager.swift */; };
		E98264BF23F66D41009CE123 /* ProfileModel.swift in Sources */ = {isa = PBXBuildFile; fileRef = E98264BE23F66D41009CE123 /* ProfileModel.swift */; };
		E98264CA23F6CACE009CE123 /* DetailTableViewCell.swift in Sources */ = {isa = PBXBuildFile; fileRef = E98264C923F6CACE009CE123 /* DetailTableViewCell.swift */; };
		E98264CC23F6D89D009CE123 /* MyProfileViewController.swift in Sources */ = {isa = PBXBuildFile; fileRef = E98264CB23F6D89D009CE123 /* MyProfileViewController.swift */; };
		E98264CF23F96D14009CE123 /* SettingViewController.swift in Sources */ = {isa = PBXBuildFile; fileRef = E98264CE23F96D14009CE123 /* SettingViewController.swift */; };
		E98264D123F979FC009CE123 /* UserListViewController.swift in Sources */ = {isa = PBXBuildFile; fileRef = E98264D023F979FC009CE123 /* UserListViewController.swift */; };
		E98264D423F97A44009CE123 /* UserListManager.swift in Sources */ = {isa = PBXBuildFile; fileRef = E98264D323F97A44009CE123 /* UserListManager.swift */; };
		E98264D623FA16BF009CE123 /* EditProfileViewController.swift in Sources */ = {isa = PBXBuildFile; fileRef = E98264D523FA16BF009CE123 /* EditProfileViewController.swift */; };
		E98264D823FA1706009CE123 /* AboutViewController.swift in Sources */ = {isa = PBXBuildFile; fileRef = E98264D723FA1706009CE123 /* AboutViewController.swift */; };
		E98264DD23FA1D50009CE123 /* EditTextProfileViewController.swift in Sources */ = {isa = PBXBuildFile; fileRef = E98264DC23FA1D50009CE123 /* EditTextProfileViewController.swift */; };
		E98264DF23FA1D5A009CE123 /* EditWallViewController.swift in Sources */ = {isa = PBXBuildFile; fileRef = E98264DE23FA1D5A009CE123 /* EditWallViewController.swift */; };
		E98264E123FA846F009CE123 /* EditTextDetailViewController.swift in Sources */ = {isa = PBXBuildFile; fileRef = E98264E023FA846F009CE123 /* EditTextDetailViewController.swift */; };
		E98264EA23FBBE69009CE123 /* HGImageCollectionViewController.swift in Sources */ = {isa = PBXBuildFile; fileRef = E98264E323FBBE69009CE123 /* HGImageCollectionViewController.swift */; };
		E98264EB23FBBE69009CE123 /* HGImagePickerCell.swift in Sources */ = {isa = PBXBuildFile; fileRef = E98264E423FBBE69009CE123 /* HGImagePickerCell.swift */; };
		E98264EC23FBBE69009CE123 /* HGImage.storyboard in Resources */ = {isa = PBXBuildFile; fileRef = E98264E523FBBE69009CE123 /* HGImage.storyboard */; };
		E98264ED23FBBE69009CE123 /* HGImageCollectionViewCell.swift in Sources */ = {isa = PBXBuildFile; fileRef = E98264E623FBBE69009CE123 /* HGImageCollectionViewCell.swift */; };
		E98264EE23FBBE69009CE123 /* HGImageCompleteButton.swift in Sources */ = {isa = PBXBuildFile; fileRef = E98264E723FBBE69009CE123 /* HGImageCompleteButton.swift */; };
		E98264EF23FBBE69009CE123 /* HGImage.xcassets in Resources */ = {isa = PBXBuildFile; fileRef = E98264E823FBBE69009CE123 /* HGImage.xcassets */; };
		E98264F023FBBE69009CE123 /* HGImagePickerController.swift in Sources */ = {isa = PBXBuildFile; fileRef = E98264E923FBBE69009CE123 /* HGImagePickerController.swift */; };
		E98CE4B323F14CC600BAF41F /* AppDelegate.swift in Sources */ = {isa = PBXBuildFile; fileRef = E98CE4B223F14CC600BAF41F /* AppDelegate.swift */; };
		E98CE4B523F14CC600BAF41F /* SceneDelegate.swift in Sources */ = {isa = PBXBuildFile; fileRef = E98CE4B423F14CC600BAF41F /* SceneDelegate.swift */; };
		E98CE4BC23F14CC800BAF41F /* Assets.xcassets in Resources */ = {isa = PBXBuildFile; fileRef = E98CE4BB23F14CC800BAF41F /* Assets.xcassets */; };
		E98CE4BF23F14CC800BAF41F /* LaunchScreen.storyboard in Resources */ = {isa = PBXBuildFile; fileRef = E98CE4BD23F14CC800BAF41F /* LaunchScreen.storyboard */; };
		E98CE4CF23F14FCE00BAF41F /* MainController.swift in Sources */ = {isa = PBXBuildFile; fileRef = E98CE4CE23F14FCE00BAF41F /* MainController.swift */; };
		E98CE4D123F1502000BAF41F /* SquareScrollViewController.swift in Sources */ = {isa = PBXBuildFile; fileRef = E98CE4D023F1502000BAF41F /* SquareScrollViewController.swift */; };
		E98CE4D323F1508800BAF41F /* WallViewController.swift in Sources */ = {isa = PBXBuildFile; fileRef = E98CE4D223F1508800BAF41F /* WallViewController.swift */; };
		E98CE4D523F1509200BAF41F /* DiscoverViewController.swift in Sources */ = {isa = PBXBuildFile; fileRef = E98CE4D423F1509200BAF41F /* DiscoverViewController.swift */; };
		E98CE4D723F1509D00BAF41F /* BaseProfileViewController.swift in Sources */ = {isa = PBXBuildFile; fileRef = E98CE4D623F1509D00BAF41F /* BaseProfileViewController.swift */; };
		E98CE4D923F1567E00BAF41F /* LoginViewController.swift in Sources */ = {isa = PBXBuildFile; fileRef = E98CE4D823F1567E00BAF41F /* LoginViewController.swift */; };
		E98CE4DB23F177B600BAF41F /* UIDevice.swift in Sources */ = {isa = PBXBuildFile; fileRef = E98CE4DA23F177B600BAF41F /* UIDevice.swift */; };
		E98CE4DE23F1925200BAF41F /* SwiftyJSON in Frameworks */ = {isa = PBXBuildFile; productRef = E98CE4DD23F1925200BAF41F /* SwiftyJSON */; };
		E98CE4E123F19B9000BAF41F /* Alamofire in Frameworks */ = {isa = PBXBuildFile; productRef = E98CE4E023F19B9000BAF41F /* Alamofire */; };
		E98CE4E423F1BA4900BAF41F /* SDWebImage in Frameworks */ = {isa = PBXBuildFile; productRef = E98CE4E323F1BA4900BAF41F /* SDWebImage */; };
		E98CE4E623F1BA4900BAF41F /* SDWebImageMapKit in Frameworks */ = {isa = PBXBuildFile; productRef = E98CE4E523F1BA4900BAF41F /* SDWebImageMapKit */; };
		E98CE4EB23F2AB3A00BAF41F /* RegisterViewController.swift in Sources */ = {isa = PBXBuildFile; fileRef = E98CE4EA23F2AB3A00BAF41F /* RegisterViewController.swift */; };
		E98CE4EF23F2BC7000BAF41F /* Util.swift in Sources */ = {isa = PBXBuildFile; fileRef = E98CE4EE23F2BC7000BAF41F /* Util.swift */; };
		E98CE4F123F319E400BAF41F /* RegisterAndLoginModel.swift in Sources */ = {isa = PBXBuildFile; fileRef = E98CE4F023F319E400BAF41F /* RegisterAndLoginModel.swift */; };
		E98CE4F623F520A900BAF41F /* BaseViewController.swift in Sources */ = {isa = PBXBuildFile; fileRef = E98CE4F523F520A900BAF41F /* BaseViewController.swift */; };
		E98CE4F823F5218A00BAF41F /* NetworkManager.swift in Sources */ = {isa = PBXBuildFile; fileRef = E98CE4F723F5218A00BAF41F /* NetworkManager.swift */; };
		E98CE4FA23F5632000BAF41F /* ChooseSocialGroupViewController.swift in Sources */ = {isa = PBXBuildFile; fileRef = E98CE4F923F5632000BAF41F /* ChooseSocialGroupViewController.swift */; };
		E9D1EC882471713300E06CA6 /* WebPageViewController.swift in Sources */ = {isa = PBXBuildFile; fileRef = E9D1EC872471713300E06CA6 /* WebPageViewController.swift */; };
		E9ECF1862467D9A80048EBF3 /* NotificationPushManager.swift in Sources */ = {isa = PBXBuildFile; fileRef = E9ECF1852467D9A80048EBF3 /* NotificationPushManager.swift */; };
		E9F38CDC246E722E000953DC /* SQLite.framework in Frameworks */ = {isa = PBXBuildFile; fileRef = E9F38CCE246E71FB000953DC /* SQLite.framework */; };
		E9F38CDD246E722E000953DC /* SQLite.framework in Embed Frameworks */ = {isa = PBXBuildFile; fileRef = E9F38CCE246E71FB000953DC /* SQLite.framework */; settings = {ATTRIBUTES = (CodeSignOnCopy, RemoveHeadersOnCopy, ); }; };
		E9F38CE0246E72A7000953DC /* SQLiteManager.swift in Sources */ = {isa = PBXBuildFile; fileRef = E9F38CDF246E72A7000953DC /* SQLiteManager.swift */; };
		E9F38CE3246E801C000953DC /* PushMessageViewController.swift in Sources */ = {isa = PBXBuildFile; fileRef = E9F38CE2246E801C000953DC /* PushMessageViewController.swift */; };
		E9F38CE6246E810D000953DC /* PushMessageManager.swift in Sources */ = {isa = PBXBuildFile; fileRef = E9F38CE5246E810D000953DC /* PushMessageManager.swift */; };
		E9F38CF1246EF99B000953DC /* PushMessageTableViewCell.swift in Sources */ = {isa = PBXBuildFile; fileRef = E9F38CF0246EF99B000953DC /* PushMessageTableViewCell.swift */; };
		E9F9C8B4240A799C00F9CA52 /* SquareReplyViewController.swift in Sources */ = {isa = PBXBuildFile; fileRef = E9F9C8B3240A799C00F9CA52 /* SquareReplyViewController.swift */; };
		E9F9C8B6240A79A500F9CA52 /* SquareReplyItem.swift in Sources */ = {isa = PBXBuildFile; fileRef = E9F9C8B5240A79A500F9CA52 /* SquareReplyItem.swift */; };
		E9F9C8B8240A7A5700F9CA52 /* SquareReplyManager.swift in Sources */ = {isa = PBXBuildFile; fileRef = E9F9C8B7240A7A5700F9CA52 /* SquareReplyManager.swift */; };
		E9F9C8BA240A80BA00F9CA52 /* SquareReplyTableViewCell.swift in Sources */ = {isa = PBXBuildFile; fileRef = E9F9C8B9240A80BA00F9CA52 /* SquareReplyTableViewCell.swift */; };
		E9FFD9C62406D53E0009BCD7 /* SquareCommentManager.swift in Sources */ = {isa = PBXBuildFile; fileRef = E9FFD9C52406D53E0009BCD7 /* SquareCommentManager.swift */; };
/* End PBXBuildFile section */

/* Begin PBXContainerItemProxy section */
		E9F38CCD246E71FB000953DC /* PBXContainerItemProxy */ = {
			isa = PBXContainerItemProxy;
			containerPortal = E9F38CC3246E71FB000953DC /* SQLite.xcodeproj */;
			proxyType = 2;
			remoteGlobalIDString = EE247AD31C3F04ED00AE3E12;
			remoteInfo = "SQLite iOS";
		};
		E9F38CCF246E71FB000953DC /* PBXContainerItemProxy */ = {
			isa = PBXContainerItemProxy;
			containerPortal = E9F38CC3246E71FB000953DC /* SQLite.xcodeproj */;
			proxyType = 2;
			remoteGlobalIDString = EE247ADD1C3F04ED00AE3E12;
			remoteInfo = "SQLiteTests iOS";
		};
		E9F38CD1246E71FB000953DC /* PBXContainerItemProxy */ = {
			isa = PBXContainerItemProxy;
			containerPortal = E9F38CC3246E71FB000953DC /* SQLite.xcodeproj */;
			proxyType = 2;
			remoteGlobalIDString = EE247B3C1C3F3ED000AE3E12;
			remoteInfo = "SQLite Mac";
		};
		E9F38CD3246E71FB000953DC /* PBXContainerItemProxy */ = {
			isa = PBXContainerItemProxy;
			containerPortal = E9F38CC3246E71FB000953DC /* SQLite.xcodeproj */;
			proxyType = 2;
			remoteGlobalIDString = EE247B451C3F3ED000AE3E12;
			remoteInfo = "SQLiteTests Mac";
		};
		E9F38CD5246E71FB000953DC /* PBXContainerItemProxy */ = {
			isa = PBXContainerItemProxy;
			containerPortal = E9F38CC3246E71FB000953DC /* SQLite.xcodeproj */;
			proxyType = 2;
			remoteGlobalIDString = 03A65E5A1C6BB0F50062603F;
			remoteInfo = "SQLite tvOS";
		};
		E9F38CD7246E71FB000953DC /* PBXContainerItemProxy */ = {
			isa = PBXContainerItemProxy;
			containerPortal = E9F38CC3246E71FB000953DC /* SQLite.xcodeproj */;
			proxyType = 2;
			remoteGlobalIDString = 03A65E631C6BB0F60062603F;
			remoteInfo = "SQLiteTests tvOS";
		};
		E9F38CD9246E71FB000953DC /* PBXContainerItemProxy */ = {
			isa = PBXContainerItemProxy;
			containerPortal = E9F38CC3246E71FB000953DC /* SQLite.xcodeproj */;
			proxyType = 2;
			remoteGlobalIDString = A121AC451CA35C79005A31D1;
			remoteInfo = "SQLite watchOS";
		};
/* End PBXContainerItemProxy section */

/* Begin PBXCopyFilesBuildPhase section */
		E9F38CDE246E722E000953DC /* Embed Frameworks */ = {
			isa = PBXCopyFilesBuildPhase;
			buildActionMask = 2147483647;
			dstPath = "";
			dstSubfolderSpec = 10;
			files = (
				E9F38CDD246E722E000953DC /* SQLite.framework in Embed Frameworks */,
			);
			name = "Embed Frameworks";
			runOnlyForDeploymentPostprocessing = 0;
		};
/* End PBXCopyFilesBuildPhase section */

/* Begin PBXFileReference section */
		E900B0852466A6CA00D1FB1F /* DIscoverTableViewCell.swift */ = {isa = PBXFileReference; lastKnownFileType = sourcecode.swift; path = DIscoverTableViewCell.swift; sourceTree = "<group>"; };
		E900B0882466A72F00D1FB1F /* SocialNetsViewController.swift */ = {isa = PBXFileReference; lastKnownFileType = sourcecode.swift; path = SocialNetsViewController.swift; sourceTree = "<group>"; };
		E900B08B2466A74500D1FB1F /* FindUserViewController.swift */ = {isa = PBXFileReference; lastKnownFileType = sourcecode.swift; path = FindUserViewController.swift; sourceTree = "<group>"; };
		E90DA881240AF0E60070B462 /* OtherProfileManager.swift */ = {isa = PBXFileReference; lastKnownFileType = sourcecode.swift; path = OtherProfileManager.swift; sourceTree = "<group>"; };
		E90DA884240BA6FD0070B462 /* PosterCell.swift */ = {isa = PBXFileReference; lastKnownFileType = sourcecode.swift; path = PosterCell.swift; sourceTree = "<group>"; };
		E90DA886240BA70C0070B462 /* WallManager.swift */ = {isa = PBXFileReference; lastKnownFileType = sourcecode.swift; path = WallManager.swift; sourceTree = "<group>"; };
		E90DA889240BA7350070B462 /* PosterPushViewController.swift */ = {isa = PBXFileReference; lastKnownFileType = sourcecode.swift; path = PosterPushViewController.swift; sourceTree = "<group>"; };
		E90DA88B240BA7740070B462 /* PosterModel.swift */ = {isa = PBXFileReference; lastKnownFileType = sourcecode.swift; path = PosterModel.swift; sourceTree = "<group>"; };
		E90DA891240BD46F0070B462 /* PosterDetailViewController.swift */ = {isa = PBXFileReference; lastKnownFileType = sourcecode.swift; path = PosterDetailViewController.swift; sourceTree = "<group>"; };
		E928C71B23FE5F3F004D75E0 /* BridgeHeaderFile.h */ = {isa = PBXFileReference; lastKnownFileType = sourcecode.c.h; path = BridgeHeaderFile.h; sourceTree = "<group>"; };
		E928C71D23FE60F3004D75E0 /* ImageBrowserManager.swift */ = {isa = PBXFileReference; lastKnownFileType = sourcecode.swift; path = ImageBrowserManager.swift; sourceTree = "<group>"; };
		E928C72123FE64F5004D75E0 /* ImageBrowserMainView.swift */ = {isa = PBXFileReference; lastKnownFileType = sourcecode.swift; path = ImageBrowserMainView.swift; sourceTree = "<group>"; };
		E928C72523FE65A4004D75E0 /* ImageBrowserSubView.swift */ = {isa = PBXFileReference; lastKnownFileType = sourcecode.swift; path = ImageBrowserSubView.swift; sourceTree = "<group>"; };
		E928C72723FE6638004D75E0 /* ImageBroserModel.swift */ = {isa = PBXFileReference; lastKnownFileType = sourcecode.swift; path = ImageBroserModel.swift; sourceTree = "<group>"; };
		E928C72923FE84F2004D75E0 /* ImageBrowserTranslation.swift */ = {isa = PBXFileReference; lastKnownFileType = sourcecode.swift; path = ImageBrowserTranslation.swift; sourceTree = "<group>"; };
		E928C72B23FE8B9A004D75E0 /* ImageBrowserViewController.swift */ = {isa = PBXFileReference; lastKnownFileType = sourcecode.swift; path = ImageBrowserViewController.swift; sourceTree = "<group>"; };
		E92F7BB12407807500212167 /* SquareCommentItem.swift */ = {isa = PBXFileReference; lastKnownFileType = sourcecode.swift; path = SquareCommentItem.swift; sourceTree = "<group>"; };
		E92F7BB3240787FB00212167 /* SquareCommentTableViewCell.swift */ = {isa = PBXFileReference; lastKnownFileType = sourcecode.swift; path = SquareCommentTableViewCell.swift; sourceTree = "<group>"; };
		E942E626240A4D2D004035D6 /* SquareJudgeItem.swift */ = {isa = PBXFileReference; lastKnownFileType = sourcecode.swift; path = SquareJudgeItem.swift; sourceTree = "<group>"; };
		E942E628240A514B004035D6 /* SquareJudgeTableViewCell.swift */ = {isa = PBXFileReference; lastKnownFileType = sourcecode.swift; path = SquareJudgeTableViewCell.swift; sourceTree = "<group>"; };
		E942E62A240A5A9B004035D6 /* WriteViewController.swift */ = {isa = PBXFileReference; lastKnownFileType = sourcecode.swift; path = WriteViewController.swift; sourceTree = "<group>"; };
		E944DC94240550ED00ED770A /* SquareCommentViewController.swift */ = {isa = PBXFileReference; lastKnownFileType = sourcecode.swift; path = SquareCommentViewController.swift; sourceTree = "<group>"; };
		E944DC992405630A00ED770A /* BasePushViewController.swift */ = {isa = PBXFileReference; lastKnownFileType = sourcecode.swift; path = BasePushViewController.swift; sourceTree = "<group>"; };
		E944DC9B2405634B00ED770A /* BroadcastPushViewController.swift */ = {isa = PBXFileReference; lastKnownFileType = sourcecode.swift; path = BroadcastPushViewController.swift; sourceTree = "<group>"; };
		E944DC9D2405687D00ED770A /* CirclePushViewController.swift */ = {isa = PBXFileReference; lastKnownFileType = sourcecode.swift; path = CirclePushViewController.swift; sourceTree = "<group>"; };
		E94F8DC1246AF2F900640CAC /* EditAccountViewController.swift */ = {isa = PBXFileReference; lastKnownFileType = sourcecode.swift; path = EditAccountViewController.swift; sourceTree = "<group>"; };
		E94F8DC5246B001500640CAC /* MyBroadcastViewController.swift */ = {isa = PBXFileReference; lastKnownFileType = sourcecode.swift; path = MyBroadcastViewController.swift; sourceTree = "<group>"; };
		E94F8DC7246B001E00640CAC /* MyCircleViewController.swift */ = {isa = PBXFileReference; lastKnownFileType = sourcecode.swift; path = MyCircleViewController.swift; sourceTree = "<group>"; };
		E969D03D23F5771D00CEEDC8 /* LoadingUI.swift */ = {isa = PBXFileReference; lastKnownFileType = sourcecode.swift; path = LoadingUI.swift; sourceTree = "<group>"; };
		E969D03F23F57CC500CEEDC8 /* ChooseSocialGroupModel.swift */ = {isa = PBXFileReference; lastKnownFileType = sourcecode.swift; path = ChooseSocialGroupModel.swift; sourceTree = "<group>"; };
		E969D04223F5899400CEEDC8 /* SocialGroupTableViewCell.swift */ = {isa = PBXFileReference; lastKnownFileType = sourcecode.swift; path = SocialGroupTableViewCell.swift; sourceTree = "<group>"; };
		E97E892524000BFC00E32811 /* BaseSquareScrollViewController.swift */ = {isa = PBXFileReference; lastKnownFileType = sourcecode.swift; path = BaseSquareScrollViewController.swift; sourceTree = "<group>"; };
		E97E892924000CC000E32811 /* BroadcastViewController.swift */ = {isa = PBXFileReference; lastKnownFileType = sourcecode.swift; path = BroadcastViewController.swift; sourceTree = "<group>"; };
		E97E892B24000CC800E32811 /* CircleViewController.swift */ = {isa = PBXFileReference; lastKnownFileType = sourcecode.swift; path = CircleViewController.swift; sourceTree = "<group>"; };
		E97E893124005BAF00E32811 /* BroadcastManager.swift */ = {isa = PBXFileReference; lastKnownFileType = sourcecode.swift; path = BroadcastManager.swift; sourceTree = "<group>"; };
		E97E893324005BC300E32811 /* BroadcastItem.swift */ = {isa = PBXFileReference; lastKnownFileType = sourcecode.swift; path = BroadcastItem.swift; sourceTree = "<group>"; };
		E97E893524005C1300E32811 /* CircleItem.swift */ = {isa = PBXFileReference; lastKnownFileType = sourcecode.swift; path = CircleItem.swift; sourceTree = "<group>"; };
		E97E893724010D4500E32811 /* CircleManager.swift */ = {isa = PBXFileReference; lastKnownFileType = sourcecode.swift; path = CircleManager.swift; sourceTree = "<group>"; };
		E97E89392401184600E32811 /* BroadcastTableViewCell.swift */ = {isa = PBXFileReference; lastKnownFileType = sourcecode.swift; path = BroadcastTableViewCell.swift; sourceTree = "<group>"; };
		E97E893B240192C500E32811 /* CircleTableViewCell.swift */ = {isa = PBXFileReference; lastKnownFileType = sourcecode.swift; path = CircleTableViewCell.swift; sourceTree = "<group>"; };
		E97E893E24024A4E00E32811 /* OtherProfileViewController.swift */ = {isa = PBXFileReference; lastKnownFileType = sourcecode.swift; path = OtherProfileViewController.swift; sourceTree = "<group>"; };
		E98264BC23F5C0BB009CE123 /* UserDefaultsManager.swift */ = {isa = PBXFileReference; lastKnownFileType = sourcecode.swift; path = UserDefaultsManager.swift; sourceTree = "<group>"; };
		E98264BE23F66D41009CE123 /* ProfileModel.swift */ = {isa = PBXFileReference; lastKnownFileType = sourcecode.swift; path = ProfileModel.swift; sourceTree = "<group>"; };
		E98264C923F6CACE009CE123 /* DetailTableViewCell.swift */ = {isa = PBXFileReference; lastKnownFileType = sourcecode.swift; path = DetailTableViewCell.swift; sourceTree = "<group>"; };
		E98264CB23F6D89D009CE123 /* MyProfileViewController.swift */ = {isa = PBXFileReference; lastKnownFileType = sourcecode.swift; path = MyProfileViewController.swift; sourceTree = "<group>"; };
		E98264CE23F96D14009CE123 /* SettingViewController.swift */ = {isa = PBXFileReference; lastKnownFileType = sourcecode.swift; path = SettingViewController.swift; sourceTree = "<group>"; };
		E98264D023F979FC009CE123 /* UserListViewController.swift */ = {isa = PBXFileReference; lastKnownFileType = sourcecode.swift; path = UserListViewController.swift; sourceTree = "<group>"; };
		E98264D323F97A44009CE123 /* UserListManager.swift */ = {isa = PBXFileReference; lastKnownFileType = sourcecode.swift; path = UserListManager.swift; sourceTree = "<group>"; };
		E98264D523FA16BF009CE123 /* EditProfileViewController.swift */ = {isa = PBXFileReference; lastKnownFileType = sourcecode.swift; path = EditProfileViewController.swift; sourceTree = "<group>"; };
		E98264D723FA1706009CE123 /* AboutViewController.swift */ = {isa = PBXFileReference; lastKnownFileType = sourcecode.swift; path = AboutViewController.swift; sourceTree = "<group>"; };
		E98264DC23FA1D50009CE123 /* EditTextProfileViewController.swift */ = {isa = PBXFileReference; lastKnownFileType = sourcecode.swift; path = EditTextProfileViewController.swift; sourceTree = "<group>"; };
		E98264DE23FA1D5A009CE123 /* EditWallViewController.swift */ = {isa = PBXFileReference; lastKnownFileType = sourcecode.swift; path = EditWallViewController.swift; sourceTree = "<group>"; };
		E98264E023FA846F009CE123 /* EditTextDetailViewController.swift */ = {isa = PBXFileReference; lastKnownFileType = sourcecode.swift; path = EditTextDetailViewController.swift; sourceTree = "<group>"; };
		E98264E323FBBE69009CE123 /* HGImageCollectionViewController.swift */ = {isa = PBXFileReference; fileEncoding = 4; lastKnownFileType = sourcecode.swift; path = HGImageCollectionViewController.swift; sourceTree = "<group>"; };
		E98264E423FBBE69009CE123 /* HGImagePickerCell.swift */ = {isa = PBXFileReference; fileEncoding = 4; lastKnownFileType = sourcecode.swift; path = HGImagePickerCell.swift; sourceTree = "<group>"; };
		E98264E523FBBE69009CE123 /* HGImage.storyboard */ = {isa = PBXFileReference; fileEncoding = 4; lastKnownFileType = file.storyboard; path = HGImage.storyboard; sourceTree = "<group>"; };
		E98264E623FBBE69009CE123 /* HGImageCollectionViewCell.swift */ = {isa = PBXFileReference; fileEncoding = 4; lastKnownFileType = sourcecode.swift; path = HGImageCollectionViewCell.swift; sourceTree = "<group>"; };
		E98264E723FBBE69009CE123 /* HGImageCompleteButton.swift */ = {isa = PBXFileReference; fileEncoding = 4; lastKnownFileType = sourcecode.swift; path = HGImageCompleteButton.swift; sourceTree = "<group>"; };
		E98264E823FBBE69009CE123 /* HGImage.xcassets */ = {isa = PBXFileReference; lastKnownFileType = folder.assetcatalog; path = HGImage.xcassets; sourceTree = "<group>"; };
		E98264E923FBBE69009CE123 /* HGImagePickerController.swift */ = {isa = PBXFileReference; fileEncoding = 4; lastKnownFileType = sourcecode.swift; path = HGImagePickerController.swift; sourceTree = "<group>"; };
		E98CE4AF23F14CC600BAF41F /* SocialGroup.app */ = {isa = PBXFileReference; explicitFileType = wrapper.application; includeInIndex = 0; path = SocialGroup.app; sourceTree = BUILT_PRODUCTS_DIR; };
		E98CE4B223F14CC600BAF41F /* AppDelegate.swift */ = {isa = PBXFileReference; lastKnownFileType = sourcecode.swift; path = AppDelegate.swift; sourceTree = "<group>"; };
		E98CE4B423F14CC600BAF41F /* SceneDelegate.swift */ = {isa = PBXFileReference; lastKnownFileType = sourcecode.swift; path = SceneDelegate.swift; sourceTree = "<group>"; };
		E98CE4BB23F14CC800BAF41F /* Assets.xcassets */ = {isa = PBXFileReference; lastKnownFileType = folder.assetcatalog; path = Assets.xcassets; sourceTree = "<group>"; };
		E98CE4BE23F14CC800BAF41F /* Base */ = {isa = PBXFileReference; lastKnownFileType = file.storyboard; name = Base; path = Base.lproj/LaunchScreen.storyboard; sourceTree = "<group>"; };
		E98CE4C023F14CC800BAF41F /* Info.plist */ = {isa = PBXFileReference; lastKnownFileType = text.plist.xml; path = Info.plist; sourceTree = "<group>"; };
		E98CE4CE23F14FCE00BAF41F /* MainController.swift */ = {isa = PBXFileReference; lastKnownFileType = sourcecode.swift; path = MainController.swift; sourceTree = "<group>"; };
		E98CE4D023F1502000BAF41F /* SquareScrollViewController.swift */ = {isa = PBXFileReference; lastKnownFileType = sourcecode.swift; path = SquareScrollViewController.swift; sourceTree = "<group>"; };
		E98CE4D223F1508800BAF41F /* WallViewController.swift */ = {isa = PBXFileReference; lastKnownFileType = sourcecode.swift; path = WallViewController.swift; sourceTree = "<group>"; };
		E98CE4D423F1509200BAF41F /* DiscoverViewController.swift */ = {isa = PBXFileReference; lastKnownFileType = sourcecode.swift; path = DiscoverViewController.swift; sourceTree = "<group>"; };
		E98CE4D623F1509D00BAF41F /* BaseProfileViewController.swift */ = {isa = PBXFileReference; lastKnownFileType = sourcecode.swift; path = BaseProfileViewController.swift; sourceTree = "<group>"; };
		E98CE4D823F1567E00BAF41F /* LoginViewController.swift */ = {isa = PBXFileReference; fileEncoding = 4; lastKnownFileType = sourcecode.swift; path = LoginViewController.swift; sourceTree = "<group>"; };
		E98CE4DA23F177B600BAF41F /* UIDevice.swift */ = {isa = PBXFileReference; lastKnownFileType = sourcecode.swift; path = UIDevice.swift; sourceTree = "<group>"; };
		E98CE4EA23F2AB3A00BAF41F /* RegisterViewController.swift */ = {isa = PBXFileReference; lastKnownFileType = sourcecode.swift; path = RegisterViewController.swift; sourceTree = "<group>"; };
		E98CE4EE23F2BC7000BAF41F /* Util.swift */ = {isa = PBXFileReference; lastKnownFileType = sourcecode.swift; path = Util.swift; sourceTree = "<group>"; };
		E98CE4F023F319E400BAF41F /* RegisterAndLoginModel.swift */ = {isa = PBXFileReference; lastKnownFileType = sourcecode.swift; path = RegisterAndLoginModel.swift; sourceTree = "<group>"; };
		E98CE4F523F520A900BAF41F /* BaseViewController.swift */ = {isa = PBXFileReference; lastKnownFileType = sourcecode.swift; path = BaseViewController.swift; sourceTree = "<group>"; };
		E98CE4F723F5218A00BAF41F /* NetworkManager.swift */ = {isa = PBXFileReference; lastKnownFileType = sourcecode.swift; path = NetworkManager.swift; sourceTree = "<group>"; };
		E98CE4F923F5632000BAF41F /* ChooseSocialGroupViewController.swift */ = {isa = PBXFileReference; lastKnownFileType = sourcecode.swift; path = ChooseSocialGroupViewController.swift; sourceTree = "<group>"; };
		E9D1EC872471713300E06CA6 /* WebPageViewController.swift */ = {isa = PBXFileReference; lastKnownFileType = sourcecode.swift; path = WebPageViewController.swift; sourceTree = "<group>"; };
		E9ECF1852467D9A80048EBF3 /* NotificationPushManager.swift */ = {isa = PBXFileReference; lastKnownFileType = sourcecode.swift; path = NotificationPushManager.swift; sourceTree = "<group>"; };
		E9F38CC3246E71FB000953DC /* SQLite.xcodeproj */ = {isa = PBXFileReference; lastKnownFileType = "wrapper.pb-project"; name = SQLite.xcodeproj; path = "../../../../Downloads/SQLite.swift-master/SQLite.xcodeproj"; sourceTree = "<group>"; };
		E9F38CDF246E72A7000953DC /* SQLiteManager.swift */ = {isa = PBXFileReference; lastKnownFileType = sourcecode.swift; path = SQLiteManager.swift; sourceTree = "<group>"; };
		E9F38CE2246E801C000953DC /* PushMessageViewController.swift */ = {isa = PBXFileReference; lastKnownFileType = sourcecode.swift; path = PushMessageViewController.swift; sourceTree = "<group>"; };
		E9F38CE5246E810D000953DC /* PushMessageManager.swift */ = {isa = PBXFileReference; lastKnownFileType = sourcecode.swift; path = PushMessageManager.swift; sourceTree = "<group>"; };
		E9F38CF0246EF99B000953DC /* PushMessageTableViewCell.swift */ = {isa = PBXFileReference; lastKnownFileType = sourcecode.swift; path = PushMessageTableViewCell.swift; sourceTree = "<group>"; };
		E9F9C8B3240A799C00F9CA52 /* SquareReplyViewController.swift */ = {isa = PBXFileReference; lastKnownFileType = sourcecode.swift; path = SquareReplyViewController.swift; sourceTree = "<group>"; };
		E9F9C8B5240A79A500F9CA52 /* SquareReplyItem.swift */ = {isa = PBXFileReference; lastKnownFileType = sourcecode.swift; path = SquareReplyItem.swift; sourceTree = "<group>"; };
		E9F9C8B7240A7A5700F9CA52 /* SquareReplyManager.swift */ = {isa = PBXFileReference; lastKnownFileType = sourcecode.swift; path = SquareReplyManager.swift; sourceTree = "<group>"; };
		E9F9C8B9240A80BA00F9CA52 /* SquareReplyTableViewCell.swift */ = {isa = PBXFileReference; lastKnownFileType = sourcecode.swift; path = SquareReplyTableViewCell.swift; sourceTree = "<group>"; };
		E9FFD9C52406D53E0009BCD7 /* SquareCommentManager.swift */ = {isa = PBXFileReference; lastKnownFileType = sourcecode.swift; path = SquareCommentManager.swift; sourceTree = "<group>"; };
/* End PBXFileReference section */

/* Begin PBXFrameworksBuildPhase section */
		E98CE4AC23F14CC600BAF41F /* Frameworks */ = {
			isa = PBXFrameworksBuildPhase;
			buildActionMask = 2147483647;
			files = (
				E98CE4E423F1BA4900BAF41F /* SDWebImage in Frameworks */,
				E98CE4DE23F1925200BAF41F /* SwiftyJSON in Frameworks */,
				E9F38CDC246E722E000953DC /* SQLite.framework in Frameworks */,
				E98CE4E623F1BA4900BAF41F /* SDWebImageMapKit in Frameworks */,
				E98CE4E123F19B9000BAF41F /* Alamofire in Frameworks */,
			);
			runOnlyForDeploymentPostprocessing = 0;
		};
/* End PBXFrameworksBuildPhase section */

/* Begin PBXGroup section */
		E900B0872466A71B00D1FB1F /* SocialNets */ = {
			isa = PBXGroup;
			children = (
				E900B0882466A72F00D1FB1F /* SocialNetsViewController.swift */,
			);
			path = SocialNets;
			sourceTree = "<group>";
		};
		E900B08A2466A73400D1FB1F /* FindUser */ = {
			isa = PBXGroup;
			children = (
				E900B08B2466A74500D1FB1F /* FindUserViewController.swift */,
			);
			path = FindUser;
			sourceTree = "<group>";
		};
		E90DA883240BA6D00070B462 /* Poster */ = {
			isa = PBXGroup;
			children = (
				E90DA884240BA6FD0070B462 /* PosterCell.swift */,
				E90DA891240BD46F0070B462 /* PosterDetailViewController.swift */,
			);
			path = Poster;
			sourceTree = "<group>";
		};
		E90DA888240BA7180070B462 /* Push */ = {
			isa = PBXGroup;
			children = (
				E90DA889240BA7350070B462 /* PosterPushViewController.swift */,
				E9ECF1852467D9A80048EBF3 /* NotificationPushManager.swift */,
			);
			path = Push;
			sourceTree = "<group>";
		};
		E928C71C23FE607F004D75E0 /* ImageBrowser */ = {
			isa = PBXGroup;
			children = (
				E928C71D23FE60F3004D75E0 /* ImageBrowserManager.swift */,
				E928C72523FE65A4004D75E0 /* ImageBrowserSubView.swift */,
				E928C72723FE6638004D75E0 /* ImageBroserModel.swift */,
				E928C72923FE84F2004D75E0 /* ImageBrowserTranslation.swift */,
				E928C72123FE64F5004D75E0 /* ImageBrowserMainView.swift */,
				E928C72B23FE8B9A004D75E0 /* ImageBrowserViewController.swift */,
			);
			path = ImageBrowser;
			sourceTree = "<group>";
		};
		E944DC96240562E900ED770A /* Comment */ = {
			isa = PBXGroup;
			children = (
				E942E62A240A5A9B004035D6 /* WriteViewController.swift */,
				E944DC94240550ED00ED770A /* SquareCommentViewController.swift */,
				E942E628240A514B004035D6 /* SquareJudgeTableViewCell.swift */,
				E92F7BB3240787FB00212167 /* SquareCommentTableViewCell.swift */,
				E9FFD9C52406D53E0009BCD7 /* SquareCommentManager.swift */,
				E942E626240A4D2D004035D6 /* SquareJudgeItem.swift */,
				E92F7BB12407807500212167 /* SquareCommentItem.swift */,
			);
			path = Comment;
			sourceTree = "<group>";
		};
		E944DC97240562F200ED770A /* Reply */ = {
			isa = PBXGroup;
			children = (
				E9F9C8B3240A799C00F9CA52 /* SquareReplyViewController.swift */,
				E9F9C8B9240A80BA00F9CA52 /* SquareReplyTableViewCell.swift */,
				E9F9C8B7240A7A5700F9CA52 /* SquareReplyManager.swift */,
				E9F9C8B5240A79A500F9CA52 /* SquareReplyItem.swift */,
			);
			path = Reply;
			sourceTree = "<group>";
		};
		E944DC98240562F700ED770A /* Push */ = {
			isa = PBXGroup;
			children = (
				E944DC992405630A00ED770A /* BasePushViewController.swift */,
				E944DC9B2405634B00ED770A /* BroadcastPushViewController.swift */,
				E944DC9D2405687D00ED770A /* CirclePushViewController.swift */,
			);
			path = Push;
			sourceTree = "<group>";
		};
		E94F8DC0246AF2D000640CAC /* EditAccount */ = {
			isa = PBXGroup;
			children = (
				E94F8DC1246AF2F900640CAC /* EditAccountViewController.swift */,
			);
			path = EditAccount;
			sourceTree = "<group>";
		};
		E94F8DC3246AFFEB00640CAC /* MyBroadcast */ = {
			isa = PBXGroup;
			children = (
				E94F8DC5246B001500640CAC /* MyBroadcastViewController.swift */,
			);
			path = MyBroadcast;
			sourceTree = "<group>";
		};
		E94F8DC4246AFFF400640CAC /* MyCircle */ = {
			isa = PBXGroup;
			children = (
				E94F8DC7246B001E00640CAC /* MyCircleViewController.swift */,
			);
			path = MyCircle;
			sourceTree = "<group>";
		};
		E969D04123F5895000CEEDC8 /* ChooseSocialGroup */ = {
			isa = PBXGroup;
			children = (
				E98CE4F923F5632000BAF41F /* ChooseSocialGroupViewController.swift */,
				E969D04223F5899400CEEDC8 /* SocialGroupTableViewCell.swift */,
				E969D03F23F57CC500CEEDC8 /* ChooseSocialGroupModel.swift */,
			);
			path = ChooseSocialGroup;
			sourceTree = "<group>";
		};
		E97E892724000C8000E32811 /* Broadcast */ = {
			isa = PBXGroup;
			children = (
				E97E892924000CC000E32811 /* BroadcastViewController.swift */,
				E97E89392401184600E32811 /* BroadcastTableViewCell.swift */,
				E97E893124005BAF00E32811 /* BroadcastManager.swift */,
				E97E893324005BC300E32811 /* BroadcastItem.swift */,
			);
			path = Broadcast;
			sourceTree = "<group>";
		};
		E97E892824000C8800E32811 /* Circle */ = {
			isa = PBXGroup;
			children = (
				E97E892B24000CC800E32811 /* CircleViewController.swift */,
				E97E893B240192C500E32811 /* CircleTableViewCell.swift */,
				E97E893724010D4500E32811 /* CircleManager.swift */,
				E97E893524005C1300E32811 /* CircleItem.swift */,
			);
			path = Circle;
			sourceTree = "<group>";
		};
		E97E893D24024A2B00E32811 /* MyProfile */ = {
			isa = PBXGroup;
			children = (
				E98264CB23F6D89D009CE123 /* MyProfileViewController.swift */,
				E98264C823F6C97B009CE123 /* Settings */,
			);
			path = MyProfile;
			sourceTree = "<group>";
		};
		E98264C823F6C97B009CE123 /* Settings */ = {
			isa = PBXGroup;
			children = (
				E98264CE23F96D14009CE123 /* SettingViewController.swift */,
				E98264D723FA1706009CE123 /* AboutViewController.swift */,
				E94F8DC0246AF2D000640CAC /* EditAccount */,
				E98264D923FA1D1B009CE123 /* EditProfile */,
			);
			path = Settings;
			sourceTree = "<group>";
		};
		E98264CD23F95CBF009CE123 /* OtherProfile */ = {
			isa = PBXGroup;
			children = (
				E97E893E24024A4E00E32811 /* OtherProfileViewController.swift */,
				E90DA881240AF0E60070B462 /* OtherProfileManager.swift */,
			);
			path = OtherProfile;
			sourceTree = "<group>";
		};
		E98264D223F97A0F009CE123 /* UserList */ = {
			isa = PBXGroup;
			children = (
				E98264D323F97A44009CE123 /* UserListManager.swift */,
				E98264D023F979FC009CE123 /* UserListViewController.swift */,
			);
			path = UserList;
			sourceTree = "<group>";
		};
		E98264D923FA1D1B009CE123 /* EditProfile */ = {
			isa = PBXGroup;
			children = (
				E98264D523FA16BF009CE123 /* EditProfileViewController.swift */,
				E98264F123FBCD79009CE123 /* EditTextProfile */,
				E98264F323FBCD93009CE123 /* Wall */,
			);
			path = EditProfile;
			sourceTree = "<group>";
		};
		E98264E223FBBE4C009CE123 /* HGImagePicker */ = {
			isa = PBXGroup;
			children = (
				E98264E523FBBE69009CE123 /* HGImage.storyboard */,
				E98264E823FBBE69009CE123 /* HGImage.xcassets */,
				E98264E623FBBE69009CE123 /* HGImageCollectionViewCell.swift */,
				E98264E323FBBE69009CE123 /* HGImageCollectionViewController.swift */,
				E98264E723FBBE69009CE123 /* HGImageCompleteButton.swift */,
				E98264E423FBBE69009CE123 /* HGImagePickerCell.swift */,
				E98264E923FBBE69009CE123 /* HGImagePickerController.swift */,
			);
			path = HGImagePicker;
			sourceTree = "<group>";
		};
		E98264F123FBCD79009CE123 /* EditTextProfile */ = {
			isa = PBXGroup;
			children = (
				E98264DC23FA1D50009CE123 /* EditTextProfileViewController.swift */,
				E98264E023FA846F009CE123 /* EditTextDetailViewController.swift */,
			);
			path = EditTextProfile;
			sourceTree = "<group>";
		};
		E98264F323FBCD93009CE123 /* Wall */ = {
			isa = PBXGroup;
			children = (
				E98264DE23FA1D5A009CE123 /* EditWallViewController.swift */,
			);
			path = Wall;
			sourceTree = "<group>";
		};
		E98CE4A623F14CC600BAF41F = {
			isa = PBXGroup;
			children = (
				E98CE4B123F14CC600BAF41F /* socialgroup */,
				E98CE4B023F14CC600BAF41F /* Products */,
				E9F38CC3246E71FB000953DC /* SQLite.xcodeproj */,
				E9F38CDB246E722E000953DC /* Frameworks */,
			);
			sourceTree = "<group>";
		};
		E98CE4B023F14CC600BAF41F /* Products */ = {
			isa = PBXGroup;
			children = (
				E98CE4AF23F14CC600BAF41F /* SocialGroup.app */,
			);
			name = Products;
			sourceTree = "<group>";
		};
		E98CE4B123F14CC600BAF41F /* socialgroup */ = {
			isa = PBXGroup;
			children = (
				E98CE4BB23F14CC800BAF41F /* Assets.xcassets */,
				E98CE4BD23F14CC800BAF41F /* LaunchScreen.storyboard */,
				E98CE4C023F14CC800BAF41F /* Info.plist */,
				E928C71B23FE5F3F004D75E0 /* BridgeHeaderFile.h */,
				E98CE4C623F14DDA00BAF41F /* Support */,
				E98CE4C723F14DFA00BAF41F /* Main */,
			);
			path = socialgroup;
			sourceTree = "<group>";
		};
		E98CE4C623F14DDA00BAF41F /* Support */ = {
			isa = PBXGroup;
			children = (
				E98CE4B223F14CC600BAF41F /* AppDelegate.swift */,
				E98CE4B423F14CC600BAF41F /* SceneDelegate.swift */,
			);
			path = Support;
			sourceTree = "<group>";
		};
		E98CE4C723F14DFA00BAF41F /* Main */ = {
			isa = PBXGroup;
			children = (
				E98CE4F523F520A900BAF41F /* BaseViewController.swift */,
				E98CE4CE23F14FCE00BAF41F /* MainController.swift */,
				E98CE4C923F14E2400BAF41F /* Util */,
				E98CE4C823F14E1C00BAF41F /* Initialization */,
				E98CE4CA23F14E2A00BAF41F /* Square */,
				E98CE4CB23F14E3000BAF41F /* Wall */,
				E98CE4CC23F14E3500BAF41F /* Discover */,
				E98CE4CD23F14E3A00BAF41F /* Profile */,
			);
			path = Main;
			sourceTree = "<group>";
		};
		E98CE4C823F14E1C00BAF41F /* Initialization */ = {
			isa = PBXGroup;
			children = (
				E98CE4D823F1567E00BAF41F /* LoginViewController.swift */,
				E9D1EC872471713300E06CA6 /* WebPageViewController.swift */,
				E98CE4EA23F2AB3A00BAF41F /* RegisterViewController.swift */,
				E98CE4F023F319E400BAF41F /* RegisterAndLoginModel.swift */,
				E969D04123F5895000CEEDC8 /* ChooseSocialGroup */,
			);
			path = Initialization;
			sourceTree = "<group>";
		};
		E98CE4C923F14E2400BAF41F /* Util */ = {
			isa = PBXGroup;
			children = (
				E98CE4DA23F177B600BAF41F /* UIDevice.swift */,
				E98CE4EE23F2BC7000BAF41F /* Util.swift */,
				E98264BC23F5C0BB009CE123 /* UserDefaultsManager.swift */,
				E98CE4F723F5218A00BAF41F /* NetworkManager.swift */,
				E969D03D23F5771D00CEEDC8 /* LoadingUI.swift */,
				E9F38CE4246E80F5000953DC /* PushMessage */,
				E928C71C23FE607F004D75E0 /* ImageBrowser */,
				E98264E223FBBE4C009CE123 /* HGImagePicker */,
			);
			path = Util;
			sourceTree = "<group>";
		};
		E98CE4CA23F14E2A00BAF41F /* Square */ = {
			isa = PBXGroup;
			children = (
				E97E892524000BFC00E32811 /* BaseSquareScrollViewController.swift */,
				E98CE4D023F1502000BAF41F /* SquareScrollViewController.swift */,
				E944DC98240562F700ED770A /* Push */,
				E944DC97240562F200ED770A /* Reply */,
				E944DC96240562E900ED770A /* Comment */,
				E97E892724000C8000E32811 /* Broadcast */,
				E97E892824000C8800E32811 /* Circle */,
			);
			path = Square;
			sourceTree = "<group>";
		};
		E98CE4CB23F14E3000BAF41F /* Wall */ = {
			isa = PBXGroup;
			children = (
				E98CE4D223F1508800BAF41F /* WallViewController.swift */,
				E90DA886240BA70C0070B462 /* WallManager.swift */,
				E9ECF1872467DE750048EBF3 /* NotificationModels */,
				E90DA888240BA7180070B462 /* Push */,
				E90DA883240BA6D00070B462 /* Poster */,
			);
			path = Wall;
			sourceTree = "<group>";
		};
		E98CE4CC23F14E3500BAF41F /* Discover */ = {
			isa = PBXGroup;
			children = (
				E900B08A2466A73400D1FB1F /* FindUser */,
				E900B0872466A71B00D1FB1F /* SocialNets */,
				E94F8DC3246AFFEB00640CAC /* MyBroadcast */,
				E94F8DC4246AFFF400640CAC /* MyCircle */,
				E9F38CE1246E800B000953DC /* PushMessage */,
				E98CE4D423F1509200BAF41F /* DiscoverViewController.swift */,
				E900B0852466A6CA00D1FB1F /* DIscoverTableViewCell.swift */,
			);
			path = Discover;
			sourceTree = "<group>";
		};
		E98CE4CD23F14E3A00BAF41F /* Profile */ = {
			isa = PBXGroup;
			children = (
				E98CE4D623F1509D00BAF41F /* BaseProfileViewController.swift */,
				E98264C923F6CACE009CE123 /* DetailTableViewCell.swift */,
				E98264BE23F66D41009CE123 /* ProfileModel.swift */,
				E97E893D24024A2B00E32811 /* MyProfile */,
				E98264CD23F95CBF009CE123 /* OtherProfile */,
				E98264D223F97A0F009CE123 /* UserList */,
			);
			path = Profile;
			sourceTree = "<group>";
		};
		E9ECF1872467DE750048EBF3 /* NotificationModels */ = {
			isa = PBXGroup;
			children = (
				E90DA88B240BA7740070B462 /* PosterModel.swift */,
			);
			path = NotificationModels;
			sourceTree = "<group>";
		};
		E9F38CC4246E71FB000953DC /* Products */ = {
			isa = PBXGroup;
			children = (
				E9F38CCE246E71FB000953DC /* SQLite.framework */,
				E9F38CD0246E71FB000953DC /* SQLiteTests iOS.xctest */,
				E9F38CD2246E71FB000953DC /* SQLite.framework */,
				E9F38CD4246E71FB000953DC /* SQLiteTests Mac.xctest */,
				E9F38CD6246E71FB000953DC /* SQLite.framework */,
				E9F38CD8246E71FB000953DC /* SQLiteTests tvOS.xctest */,
				E9F38CDA246E71FB000953DC /* SQLite.framework */,
			);
			name = Products;
			sourceTree = "<group>";
		};
		E9F38CDB246E722E000953DC /* Frameworks */ = {
			isa = PBXGroup;
			children = (
			);
			name = Frameworks;
			sourceTree = "<group>";
		};
		E9F38CE1246E800B000953DC /* PushMessage */ = {
			isa = PBXGroup;
			children = (
				E9F38CE2246E801C000953DC /* PushMessageViewController.swift */,
				E9F38CF0246EF99B000953DC /* PushMessageTableViewCell.swift */,
			);
			path = PushMessage;
			sourceTree = "<group>";
		};
		E9F38CE4246E80F5000953DC /* PushMessage */ = {
			isa = PBXGroup;
			children = (
				E9F38CDF246E72A7000953DC /* SQLiteManager.swift */,
				E9F38CE5246E810D000953DC /* PushMessageManager.swift */,
			);
			path = PushMessage;
			sourceTree = "<group>";
		};
/* End PBXGroup section */

/* Begin PBXNativeTarget section */
		E98CE4AE23F14CC600BAF41F /* socialgroup */ = {
			isa = PBXNativeTarget;
			buildConfigurationList = E98CE4C323F14CC800BAF41F /* Build configuration list for PBXNativeTarget "socialgroup" */;
			buildPhases = (
				E98CE4AB23F14CC600BAF41F /* Sources */,
				E98CE4AC23F14CC600BAF41F /* Frameworks */,
				E98CE4AD23F14CC600BAF41F /* Resources */,
				E9F38CDE246E722E000953DC /* Embed Frameworks */,
			);
			buildRules = (
			);
			dependencies = (
			);
			name = socialgroup;
			packageProductDependencies = (
				E98CE4DD23F1925200BAF41F /* SwiftyJSON */,
				E98CE4E023F19B9000BAF41F /* Alamofire */,
				E98CE4E323F1BA4900BAF41F /* SDWebImage */,
				E98CE4E523F1BA4900BAF41F /* SDWebImageMapKit */,
			);
			productName = socialgroup;
			productReference = E98CE4AF23F14CC600BAF41F /* SocialGroup.app */;
			productType = "com.apple.product-type.application";
		};
/* End PBXNativeTarget section */

/* Begin PBXProject section */
		E98CE4A723F14CC600BAF41F /* Project object */ = {
			isa = PBXProject;
			attributes = {
				LastSwiftUpdateCheck = 1130;
				LastUpgradeCheck = 1130;
				ORGANIZATIONNAME = bitsocialgroup.com;
				TargetAttributes = {
					E98CE4AE23F14CC600BAF41F = {
						CreatedOnToolsVersion = 11.3.1;
					};
				};
			};
			buildConfigurationList = E98CE4AA23F14CC600BAF41F /* Build configuration list for PBXProject "socialgroup" */;
			compatibilityVersion = "Xcode 9.3";
			developmentRegion = en;
			hasScannedForEncodings = 0;
			knownRegions = (
				en,
				Base,
			);
			mainGroup = E98CE4A623F14CC600BAF41F;
			packageReferences = (
				E98CE4DC23F1925200BAF41F /* XCRemoteSwiftPackageReference "SwiftyJSON" */,
				E98CE4DF23F19B9000BAF41F /* XCRemoteSwiftPackageReference "Alamofire" */,
				E98CE4E223F1BA4900BAF41F /* XCRemoteSwiftPackageReference "SDWebImage" */,
			);
			productRefGroup = E98CE4B023F14CC600BAF41F /* Products */;
			projectDirPath = "";
			projectReferences = (
				{
					ProductGroup = E9F38CC4246E71FB000953DC /* Products */;
					ProjectRef = E9F38CC3246E71FB000953DC /* SQLite.xcodeproj */;
				},
			);
			projectRoot = "";
			targets = (
				E98CE4AE23F14CC600BAF41F /* socialgroup */,
			);
		};
/* End PBXProject section */

/* Begin PBXReferenceProxy section */
		E9F38CCE246E71FB000953DC /* SQLite.framework */ = {
			isa = PBXReferenceProxy;
			fileType = wrapper.framework;
			path = SQLite.framework;
			remoteRef = E9F38CCD246E71FB000953DC /* PBXContainerItemProxy */;
			sourceTree = BUILT_PRODUCTS_DIR;
		};
		E9F38CD0246E71FB000953DC /* SQLiteTests iOS.xctest */ = {
			isa = PBXReferenceProxy;
			fileType = wrapper.cfbundle;
			path = "SQLiteTests iOS.xctest";
			remoteRef = E9F38CCF246E71FB000953DC /* PBXContainerItemProxy */;
			sourceTree = BUILT_PRODUCTS_DIR;
		};
		E9F38CD2246E71FB000953DC /* SQLite.framework */ = {
			isa = PBXReferenceProxy;
			fileType = wrapper.framework;
			path = SQLite.framework;
			remoteRef = E9F38CD1246E71FB000953DC /* PBXContainerItemProxy */;
			sourceTree = BUILT_PRODUCTS_DIR;
		};
		E9F38CD4246E71FB000953DC /* SQLiteTests Mac.xctest */ = {
			isa = PBXReferenceProxy;
			fileType = wrapper.cfbundle;
			path = "SQLiteTests Mac.xctest";
			remoteRef = E9F38CD3246E71FB000953DC /* PBXContainerItemProxy */;
			sourceTree = BUILT_PRODUCTS_DIR;
		};
		E9F38CD6246E71FB000953DC /* SQLite.framework */ = {
			isa = PBXReferenceProxy;
			fileType = wrapper.framework;
			path = SQLite.framework;
			remoteRef = E9F38CD5246E71FB000953DC /* PBXContainerItemProxy */;
			sourceTree = BUILT_PRODUCTS_DIR;
		};
		E9F38CD8246E71FB000953DC /* SQLiteTests tvOS.xctest */ = {
			isa = PBXReferenceProxy;
			fileType = wrapper.cfbundle;
			path = "SQLiteTests tvOS.xctest";
			remoteRef = E9F38CD7246E71FB000953DC /* PBXContainerItemProxy */;
			sourceTree = BUILT_PRODUCTS_DIR;
		};
		E9F38CDA246E71FB000953DC /* SQLite.framework */ = {
			isa = PBXReferenceProxy;
			fileType = wrapper.framework;
			path = SQLite.framework;
			remoteRef = E9F38CD9246E71FB000953DC /* PBXContainerItemProxy */;
			sourceTree = BUILT_PRODUCTS_DIR;
		};
/* End PBXReferenceProxy section */

/* Begin PBXResourcesBuildPhase section */
		E98CE4AD23F14CC600BAF41F /* Resources */ = {
			isa = PBXResourcesBuildPhase;
			buildActionMask = 2147483647;
			files = (
				E98CE4BF23F14CC800BAF41F /* LaunchScreen.storyboard in Resources */,
				E98CE4BC23F14CC800BAF41F /* Assets.xcassets in Resources */,
				E98264EF23FBBE69009CE123 /* HGImage.xcassets in Resources */,
				E98264EC23FBBE69009CE123 /* HGImage.storyboard in Resources */,
			);
			runOnlyForDeploymentPostprocessing = 0;
		};
/* End PBXResourcesBuildPhase section */

/* Begin PBXSourcesBuildPhase section */
		E98CE4AB23F14CC600BAF41F /* Sources */ = {
			isa = PBXSourcesBuildPhase;
			buildActionMask = 2147483647;
			files = (
				E9F38CE6246E810D000953DC /* PushMessageManager.swift in Sources */,
				E94F8DC2246AF2F900640CAC /* EditAccountViewController.swift in Sources */,
				E97E893424005BC300E32811 /* BroadcastItem.swift in Sources */,
				E90DA88C240BA7740070B462 /* PosterModel.swift in Sources */,
				E944DC95240550ED00ED770A /* SquareCommentViewController.swift in Sources */,
				E94F8DC6246B001500640CAC /* MyBroadcastViewController.swift in Sources */,
				E98264D623FA16BF009CE123 /* EditProfileViewController.swift in Sources */,
				E97E893F24024A4E00E32811 /* OtherProfileViewController.swift in Sources */,
				E98264DD23FA1D50009CE123 /* EditTextProfileViewController.swift in Sources */,
				E97E892C24000CC800E32811 /* CircleViewController.swift in Sources */,
				E98CE4F623F520A900BAF41F /* BaseViewController.swift in Sources */,
				E944DC9A2405630A00ED770A /* BasePushViewController.swift in Sources */,
				E90DA885240BA6FD0070B462 /* PosterCell.swift in Sources */,
				E98CE4EF23F2BC7000BAF41F /* Util.swift in Sources */,
				E98CE4B323F14CC600BAF41F /* AppDelegate.swift in Sources */,
				E98CE4EB23F2AB3A00BAF41F /* RegisterViewController.swift in Sources */,
				E900B0892466A72F00D1FB1F /* SocialNetsViewController.swift in Sources */,
				E98CE4D323F1508800BAF41F /* WallViewController.swift in Sources */,
				E98264BD23F5C0BB009CE123 /* UserDefaultsManager.swift in Sources */,
				E98CE4D123F1502000BAF41F /* SquareScrollViewController.swift in Sources */,
				E969D03E23F5771D00CEEDC8 /* LoadingUI.swift in Sources */,
				E9F38CE0246E72A7000953DC /* SQLiteManager.swift in Sources */,
				E9ECF1862467D9A80048EBF3 /* NotificationPushManager.swift in Sources */,
				E92F7BB4240787FB00212167 /* SquareCommentTableViewCell.swift in Sources */,
				E94F8DC8246B001E00640CAC /* MyCircleViewController.swift in Sources */,
				E98264DF23FA1D5A009CE123 /* EditWallViewController.swift in Sources */,
				E97E893A2401184600E32811 /* BroadcastTableViewCell.swift in Sources */,
				E98CE4D523F1509200BAF41F /* DiscoverViewController.swift in Sources */,
				E944DC9E2405687D00ED770A /* CirclePushViewController.swift in Sources */,
				E9D1EC882471713300E06CA6 /* WebPageViewController.swift in Sources */,
				E98264CA23F6CACE009CE123 /* DetailTableViewCell.swift in Sources */,
				E97E893224005BAF00E32811 /* BroadcastManager.swift in Sources */,
				E98264ED23FBBE69009CE123 /* HGImageCollectionViewCell.swift in Sources */,
				E98CE4D923F1567E00BAF41F /* LoginViewController.swift in Sources */,
				E90DA88A240BA7350070B462 /* PosterPushViewController.swift in Sources */,
				E98264D823FA1706009CE123 /* AboutViewController.swift in Sources */,
				E98264F023FBBE69009CE123 /* HGImagePickerController.swift in Sources */,
				E900B08C2466A74500D1FB1F /* FindUserViewController.swift in Sources */,
				E90DA882240AF0E60070B462 /* OtherProfileManager.swift in Sources */,
				E928C72823FE6638004D75E0 /* ImageBroserModel.swift in Sources */,
				E900B0862466A6CA00D1FB1F /* DIscoverTableViewCell.swift in Sources */,
				E928C72A23FE84F2004D75E0 /* ImageBrowserTranslation.swift in Sources */,
				E90DA892240BD46F0070B462 /* PosterDetailViewController.swift in Sources */,
				E98CE4D723F1509D00BAF41F /* BaseProfileViewController.swift in Sources */,
				E969D04023F57CC500CEEDC8 /* ChooseSocialGroupModel.swift in Sources */,
				E98CE4F123F319E400BAF41F /* RegisterAndLoginModel.swift in Sources */,
				E98264EE23FBBE69009CE123 /* HGImageCompleteButton.swift in Sources */,
				E9FFD9C62406D53E0009BCD7 /* SquareCommentManager.swift in Sources */,
				E98CE4F823F5218A00BAF41F /* NetworkManager.swift in Sources */,
				E98CE4FA23F5632000BAF41F /* ChooseSocialGroupViewController.swift in Sources */,
				E942E62B240A5A9B004035D6 /* WriteViewController.swift in Sources */,
				E92F7BB22407807500212167 /* SquareCommentItem.swift in Sources */,
				E98264BF23F66D41009CE123 /* ProfileModel.swift in Sources */,
				E98264D123F979FC009CE123 /* UserListViewController.swift in Sources */,
				E9F38CF1246EF99B000953DC /* PushMessageTableViewCell.swift in Sources */,
				E9F9C8B8240A7A5700F9CA52 /* SquareReplyManager.swift in Sources */,
				E98264CC23F6D89D009CE123 /* MyProfileViewController.swift in Sources */,
				E98264CF23F96D14009CE123 /* SettingViewController.swift in Sources */,
				E97E892A24000CC000E32811 /* BroadcastViewController.swift in Sources */,
				E969D04323F5899400CEEDC8 /* SocialGroupTableViewCell.swift in Sources */,
				E928C72223FE64F5004D75E0 /* ImageBrowserMainView.swift in Sources */,
				E98CE4CF23F14FCE00BAF41F /* MainController.swift in Sources */,
				E942E629240A514B004035D6 /* SquareJudgeTableViewCell.swift in Sources */,
				E928C72C23FE8B9A004D75E0 /* ImageBrowserViewController.swift in Sources */,
				E928C71E23FE60F3004D75E0 /* ImageBrowserManager.swift in Sources */,
				E97E893C240192C600E32811 /* CircleTableViewCell.swift in Sources */,
				E98264E123FA846F009CE123 /* EditTextDetailViewController.swift in Sources */,
				E98CE4DB23F177B600BAF41F /* UIDevice.swift in Sources */,
				E98264EB23FBBE69009CE123 /* HGImagePickerCell.swift in Sources */,
				E9F9C8B4240A799C00F9CA52 /* SquareReplyViewController.swift in Sources */,
				E9F9C8BA240A80BA00F9CA52 /* SquareReplyTableViewCell.swift in Sources */,
				E942E627240A4D2D004035D6 /* SquareJudgeItem.swift in Sources */,
				E90DA887240BA70C0070B462 /* WallManager.swift in Sources */,
				E98264EA23FBBE69009CE123 /* HGImageCollectionViewController.swift in Sources */,
				E98264D423F97A44009CE123 /* UserListManager.swift in Sources */,
				E944DC9C2405634B00ED770A /* BroadcastPushViewController.swift in Sources */,
				E97E893624005C1300E32811 /* CircleItem.swift in Sources */,
				E98CE4B523F14CC600BAF41F /* SceneDelegate.swift in Sources */,
				E9F9C8B6240A79A500F9CA52 /* SquareReplyItem.swift in Sources */,
				E928C72623FE65A4004D75E0 /* ImageBrowserSubView.swift in Sources */,
				E97E892624000BFC00E32811 /* BaseSquareScrollViewController.swift in Sources */,
				E9F38CE3246E801C000953DC /* PushMessageViewController.swift in Sources */,
				E97E893824010D4500E32811 /* CircleManager.swift in Sources */,
			);
			runOnlyForDeploymentPostprocessing = 0;
		};
/* End PBXSourcesBuildPhase section */

/* Begin PBXVariantGroup section */
		E98CE4BD23F14CC800BAF41F /* LaunchScreen.storyboard */ = {
			isa = PBXVariantGroup;
			children = (
				E98CE4BE23F14CC800BAF41F /* Base */,
			);
			name = LaunchScreen.storyboard;
			sourceTree = "<group>";
		};
/* End PBXVariantGroup section */

/* Begin XCBuildConfiguration section */
		E98CE4C123F14CC800BAF41F /* Debug */ = {
			isa = XCBuildConfiguration;
			buildSettings = {
				ALWAYS_SEARCH_USER_PATHS = NO;
				CLANG_ANALYZER_NONNULL = YES;
				CLANG_ANALYZER_NUMBER_OBJECT_CONVERSION = YES_AGGRESSIVE;
				CLANG_CXX_LANGUAGE_STANDARD = "gnu++14";
				CLANG_CXX_LIBRARY = "libc++";
				CLANG_ENABLE_MODULES = YES;
				CLANG_ENABLE_OBJC_ARC = YES;
				CLANG_ENABLE_OBJC_WEAK = YES;
				CLANG_WARN_BLOCK_CAPTURE_AUTORELEASING = YES;
				CLANG_WARN_BOOL_CONVERSION = YES;
				CLANG_WARN_COMMA = YES;
				CLANG_WARN_CONSTANT_CONVERSION = YES;
				CLANG_WARN_DEPRECATED_OBJC_IMPLEMENTATIONS = YES;
				CLANG_WARN_DIRECT_OBJC_ISA_USAGE = YES_ERROR;
				CLANG_WARN_DOCUMENTATION_COMMENTS = YES;
				CLANG_WARN_EMPTY_BODY = YES;
				CLANG_WARN_ENUM_CONVERSION = YES;
				CLANG_WARN_INFINITE_RECURSION = YES;
				CLANG_WARN_INT_CONVERSION = YES;
				CLANG_WARN_NON_LITERAL_NULL_CONVERSION = YES;
				CLANG_WARN_OBJC_IMPLICIT_RETAIN_SELF = YES;
				CLANG_WARN_OBJC_LITERAL_CONVERSION = YES;
				CLANG_WARN_OBJC_ROOT_CLASS = YES_ERROR;
				CLANG_WARN_RANGE_LOOP_ANALYSIS = YES;
				CLANG_WARN_STRICT_PROTOTYPES = YES;
				CLANG_WARN_SUSPICIOUS_MOVE = YES;
				CLANG_WARN_UNGUARDED_AVAILABILITY = YES_AGGRESSIVE;
				CLANG_WARN_UNREACHABLE_CODE = YES;
				CLANG_WARN__DUPLICATE_METHOD_MATCH = YES;
				CODE_SIGN_IDENTITY = "iPhone Distribution: Jiahua Tang (4BVM57NARM)";
				COPY_PHASE_STRIP = NO;
				DEBUG_INFORMATION_FORMAT = dwarf;
				ENABLE_STRICT_OBJC_MSGSEND = YES;
				ENABLE_TESTABILITY = YES;
				GCC_C_LANGUAGE_STANDARD = gnu11;
				GCC_DYNAMIC_NO_PIC = NO;
				GCC_NO_COMMON_BLOCKS = YES;
				GCC_OPTIMIZATION_LEVEL = 0;
				GCC_PREPROCESSOR_DEFINITIONS = (
					"DEBUG=1",
					"$(inherited)",
				);
				GCC_WARN_64_TO_32_BIT_CONVERSION = YES;
				GCC_WARN_ABOUT_RETURN_TYPE = YES_ERROR;
				GCC_WARN_UNDECLARED_SELECTOR = YES;
				GCC_WARN_UNINITIALIZED_AUTOS = YES_AGGRESSIVE;
				GCC_WARN_UNUSED_FUNCTION = YES;
				GCC_WARN_UNUSED_VARIABLE = YES;
				IPHONEOS_DEPLOYMENT_TARGET = 13.0;
				MTL_ENABLE_DEBUG_INFO = INCLUDE_SOURCE;
				MTL_FAST_MATH = YES;
				ONLY_ACTIVE_ARCH = YES;
				SDKROOT = iphoneos;
				SWIFT_ACTIVE_COMPILATION_CONDITIONS = DEBUG;
				SWIFT_OPTIMIZATION_LEVEL = "-Onone";
			};
			name = Debug;
		};
		E98CE4C223F14CC800BAF41F /* Release */ = {
			isa = XCBuildConfiguration;
			buildSettings = {
				ALWAYS_SEARCH_USER_PATHS = NO;
				CLANG_ANALYZER_NONNULL = YES;
				CLANG_ANALYZER_NUMBER_OBJECT_CONVERSION = YES_AGGRESSIVE;
				CLANG_CXX_LANGUAGE_STANDARD = "gnu++14";
				CLANG_CXX_LIBRARY = "libc++";
				CLANG_ENABLE_MODULES = YES;
				CLANG_ENABLE_OBJC_ARC = YES;
				CLANG_ENABLE_OBJC_WEAK = YES;
				CLANG_WARN_BLOCK_CAPTURE_AUTORELEASING = YES;
				CLANG_WARN_BOOL_CONVERSION = YES;
				CLANG_WARN_COMMA = YES;
				CLANG_WARN_CONSTANT_CONVERSION = YES;
				CLANG_WARN_DEPRECATED_OBJC_IMPLEMENTATIONS = YES;
				CLANG_WARN_DIRECT_OBJC_ISA_USAGE = YES_ERROR;
				CLANG_WARN_DOCUMENTATION_COMMENTS = YES;
				CLANG_WARN_EMPTY_BODY = YES;
				CLANG_WARN_ENUM_CONVERSION = YES;
				CLANG_WARN_INFINITE_RECURSION = YES;
				CLANG_WARN_INT_CONVERSION = YES;
				CLANG_WARN_NON_LITERAL_NULL_CONVERSION = YES;
				CLANG_WARN_OBJC_IMPLICIT_RETAIN_SELF = YES;
				CLANG_WARN_OBJC_LITERAL_CONVERSION = YES;
				CLANG_WARN_OBJC_ROOT_CLASS = YES_ERROR;
				CLANG_WARN_RANGE_LOOP_ANALYSIS = YES;
				CLANG_WARN_STRICT_PROTOTYPES = YES;
				CLANG_WARN_SUSPICIOUS_MOVE = YES;
				CLANG_WARN_UNGUARDED_AVAILABILITY = YES_AGGRESSIVE;
				CLANG_WARN_UNREACHABLE_CODE = YES;
				CLANG_WARN__DUPLICATE_METHOD_MATCH = YES;
				CODE_SIGN_IDENTITY = "iPhone Distribution: Jiahua Tang (4BVM57NARM)";
				COPY_PHASE_STRIP = NO;
				DEBUG_INFORMATION_FORMAT = "dwarf-with-dsym";
				ENABLE_NS_ASSERTIONS = NO;
				ENABLE_STRICT_OBJC_MSGSEND = YES;
				GCC_C_LANGUAGE_STANDARD = gnu11;
				GCC_NO_COMMON_BLOCKS = YES;
				GCC_WARN_64_TO_32_BIT_CONVERSION = YES;
				GCC_WARN_ABOUT_RETURN_TYPE = YES_ERROR;
				GCC_WARN_UNDECLARED_SELECTOR = YES;
				GCC_WARN_UNINITIALIZED_AUTOS = YES_AGGRESSIVE;
				GCC_WARN_UNUSED_FUNCTION = YES;
				GCC_WARN_UNUSED_VARIABLE = YES;
				IPHONEOS_DEPLOYMENT_TARGET = 13.0;
				MTL_ENABLE_DEBUG_INFO = NO;
				MTL_FAST_MATH = YES;
				SDKROOT = iphoneos;
				SWIFT_COMPILATION_MODE = wholemodule;
				SWIFT_OPTIMIZATION_LEVEL = "-O";
				VALIDATE_PRODUCT = YES;
			};
			name = Release;
		};
		E98CE4C423F14CC800BAF41F /* Debug */ = {
			isa = XCBuildConfiguration;
			buildSettings = {
				ASSETCATALOG_COMPILER_APPICON_NAME = AppIcon;
				CODE_SIGN_IDENTITY = "iPhone Distribution: Jiahua Tang (4BVM57NARM)";
				CODE_SIGN_STYLE = Manual;
				DEVELOPMENT_TEAM = 4BVM57NARM;
				INFOPLIST_FILE = socialgroup/Info.plist;
				LD_RUNPATH_SEARCH_PATHS = (
					"$(inherited)",
					"@executable_path/Frameworks",
				);
				PRODUCT_BUNDLE_IDENTIFIER = com.bitsocialgroup.socialgroup;
				PRODUCT_NAME = SocialGroup;
				PROVISIONING_PROFILE_SPECIFIER = SocialGroupProjectProfile;
				SWIFT_OBJC_BRIDGING_HEADER = socialgroup/BridgeHeaderFile.h;
				SWIFT_VERSION = 5.0;
				TARGETED_DEVICE_FAMILY = 1;
			};
			name = Debug;
		};
		E98CE4C523F14CC800BAF41F /* Release */ = {
			isa = XCBuildConfiguration;
			buildSettings = {
				ASSETCATALOG_COMPILER_APPICON_NAME = AppIcon;
				CODE_SIGN_IDENTITY = "iPhone Distribution: Jiahua Tang (4BVM57NARM)";
				CODE_SIGN_STYLE = Manual;
				DEVELOPMENT_TEAM = 4BVM57NARM;
				INFOPLIST_FILE = socialgroup/Info.plist;
				LD_RUNPATH_SEARCH_PATHS = (
					"$(inherited)",
					"@executable_path/Frameworks",
				);
				PRODUCT_BUNDLE_IDENTIFIER = com.bitsocialgroup.socialgroup;
				PRODUCT_NAME = SocialGroup;
				PROVISIONING_PROFILE_SPECIFIER = SocialGroupProjectProfile;
				SWIFT_OBJC_BRIDGING_HEADER = socialgroup/BridgeHeaderFile.h;
				SWIFT_VERSION = 5.0;
				TARGETED_DEVICE_FAMILY = 1;
			};
			name = Release;
		};
/* End XCBuildConfiguration section */

/* Begin XCConfigurationList section */
		E98CE4AA23F14CC600BAF41F /* Build configuration list for PBXProject "socialgroup" */ = {
			isa = XCConfigurationList;
			buildConfigurations = (
				E98CE4C123F14CC800BAF41F /* Debug */,
				E98CE4C223F14CC800BAF41F /* Release */,
			);
			defaultConfigurationIsVisible = 0;
			defaultConfigurationName = Release;
		};
		E98CE4C323F14CC800BAF41F /* Build configuration list for PBXNativeTarget "socialgroup" */ = {
			isa = XCConfigurationList;
			buildConfigurations = (
				E98CE4C423F14CC800BAF41F /* Debug */,
				E98CE4C523F14CC800BAF41F /* Release */,
			);
			defaultConfigurationIsVisible = 0;
			defaultConfigurationName = Release;
		};
/* End XCConfigurationList section */

/* Begin XCRemoteSwiftPackageReference section */
		E98CE4DC23F1925200BAF41F /* XCRemoteSwiftPackageReference "SwiftyJSON" */ = {
			isa = XCRemoteSwiftPackageReference;
			repositoryURL = "https://github.com/SwiftyJSON/SwiftyJSON";
			requirement = {
				kind = upToNextMajorVersion;
				minimumVersion = 5.0.0;
			};
		};
		E98CE4DF23F19B9000BAF41F /* XCRemoteSwiftPackageReference "Alamofire" */ = {
			isa = XCRemoteSwiftPackageReference;
			repositoryURL = "https://github.com/Alamofire/Alamofire";
			requirement = {
				kind = upToNextMajorVersion;
				minimumVersion = 4.9.1;
			};
		};
		E98CE4E223F1BA4900BAF41F /* XCRemoteSwiftPackageReference "SDWebImage" */ = {
			isa = XCRemoteSwiftPackageReference;
			repositoryURL = "https://github.com/SDWebImage/SDWebImage";
			requirement = {
				kind = upToNextMajorVersion;
				minimumVersion = 5.5.2;
			};
		};
/* End XCRemoteSwiftPackageReference section */

/* Begin XCSwiftPackageProductDependency section */
		E98CE4DD23F1925200BAF41F /* SwiftyJSON */ = {
			isa = XCSwiftPackageProductDependency;
			package = E98CE4DC23F1925200BAF41F /* XCRemoteSwiftPackageReference "SwiftyJSON" */;
			productName = SwiftyJSON;
		};
		E98CE4E023F19B9000BAF41F /* Alamofire */ = {
			isa = XCSwiftPackageProductDependency;
			package = E98CE4DF23F19B9000BAF41F /* XCRemoteSwiftPackageReference "Alamofire" */;
			productName = Alamofire;
		};
		E98CE4E323F1BA4900BAF41F /* SDWebImage */ = {
			isa = XCSwiftPackageProductDependency;
			package = E98CE4E223F1BA4900BAF41F /* XCRemoteSwiftPackageReference "SDWebImage" */;
			productName = SDWebImage;
		};
		E98CE4E523F1BA4900BAF41F /* SDWebImageMapKit */ = {
			isa = XCSwiftPackageProductDependency;
			package = E98CE4E223F1BA4900BAF41F /* XCRemoteSwiftPackageReference "SDWebImage" */;
			productName = SDWebImageMapKit;
		};
/* End XCSwiftPackageProductDependency section */
	};
	rootObject = E98CE4A723F14CC600BAF41F /* Project object */;
}
